{
  "version": 4,
  "terraform_version": "1.14.4",
  "serial": 34,
  "lineage": "06f8f00f-31dd-784b-e643-6bc4cb34b703",
  "outputs": {
    "vm_public_ip": {
      "value": "34.60.172.153",
      "type": "string"
    }
  },
  "resources": [
    {
      "mode": "managed",
      "type": "google_compute_firewall",
      "name": "allow_ssh",
      "provider": "provider[\"registry.terraform.io/hashicorp/google\"]",
      "instances": [
        {
          "schema_version": 1,
          "attributes": {
            "allow": [
              {
                "ports": [
                  "22"
                ],
                "protocol": "tcp"
              }
            ],
            "creation_timestamp": "2026-02-12T02:16:03.163-08:00",
            "deny": [],
            "description": "",
            "destination_ranges": [],
            "direction": "INGRESS",
            "disabled": false,
            "enable_logging": null,
            "id": "projects/ai-connect-sap26blr-307/global/firewalls/allow-ssh",
            "log_config": [],
            "name": "allow-ssh",
            "network": "https://www.googleapis.com/compute/v1/projects/ai-connect-sap26blr-307/global/networks/terraform-hackathon-network",
            "priority": 1000,
            "project": "ai-connect-sap26blr-307",
            "self_link": "https://www.googleapis.com/compute/v1/projects/ai-connect-sap26blr-307/global/firewalls/allow-ssh",
            "source_ranges": [
              "0.0.0.0/0"
            ],
            "source_service_accounts": [],
            "source_tags": [],
            "target_service_accounts": [],
            "target_tags": [
              "hackathon-vm"
            ],
            "timeouts": null
          },
          "sensitive_attributes": [],
          "identity_schema_version": 0,
          "private": "eyJlMmJmYjczMC1lY2FhLTExZTYtOGY4OC0zNDM2M2JjN2M0YzAiOnsiY3JlYXRlIjoxMjAwMDAwMDAwMDAwLCJkZWxldGUiOjEyMDAwMDAwMDAwMDAsInVwZGF0ZSI6MTIwMDAwMDAwMDAwMH0sInNjaGVtYV92ZXJzaW9uIjoiMSJ9",
          "dependencies": [
            "google_compute_network.vpc_network"
          ]
        }
      ]
    },
    {
      "mode": "managed",
      "type": "google_compute_firewall",
      "name": "allow_web",
      "provider": "provider[\"registry.terraform.io/hashicorp/google\"]",
      "instances": [
        {
          "schema_version": 1,
          "attributes": {
            "allow": [
              {
                "ports": [
                  "5173",
                  "8000"
                ],
                "protocol": "tcp"
              }
            ],
            "creation_timestamp": "2026-02-12T02:16:03.160-08:00",
            "deny": [],
            "description": "",
            "destination_ranges": [],
            "direction": "INGRESS",
            "disabled": false,
            "enable_logging": null,
            "id": "projects/ai-connect-sap26blr-307/global/firewalls/allow-frontend-backend",
            "log_config": [],
            "name": "allow-frontend-backend",
            "network": "https://www.googleapis.com/compute/v1/projects/ai-connect-sap26blr-307/global/networks/terraform-hackathon-network",
            "priority": 1000,
            "project": "ai-connect-sap26blr-307",
            "self_link": "https://www.googleapis.com/compute/v1/projects/ai-connect-sap26blr-307/global/firewalls/allow-frontend-backend",
            "source_ranges": [
              "0.0.0.0/0"
            ],
            "source_service_accounts": [],
            "source_tags": [],
            "target_service_accounts": [],
            "target_tags": [
              "hackathon-vm"
            ],
            "timeouts": null
          },
          "sensitive_attributes": [],
          "identity_schema_version": 0,
          "private": "eyJlMmJmYjczMC1lY2FhLTExZTYtOGY4OC0zNDM2M2JjN2M0YzAiOnsiY3JlYXRlIjoxMjAwMDAwMDAwMDAwLCJkZWxldGUiOjEyMDAwMDAwMDAwMDAsInVwZGF0ZSI6MTIwMDAwMDAwMDAwMH0sInNjaGVtYV92ZXJzaW9uIjoiMSJ9",
          "dependencies": [
            "google_compute_network.vpc_network"
          ]
        }
      ]
    },
    {
      "mode": "managed",
      "type": "google_compute_instance",
      "name": "vm_instance",
      "provider": "provider[\"registry.terraform.io/hashicorp/google\"]",
      "instances": [
        {
          "schema_version": 6,
          "attributes": {
            "advanced_machine_features": [],
            "allow_stopping_for_update": null,
            "attached_disk": [],
            "boot_disk": [
              {
                "auto_delete": true,
                "device_name": "persistent-disk-0",
                "disk_encryption_key_raw": "",
                "disk_encryption_key_sha256": "",
                "initialize_params": [
                  {
                    "enable_confidential_compute": false,
                    "image": "https://www.googleapis.com/compute/v1/projects/debian-cloud/global/images/debian-12-bookworm-v20260210",
                    "labels": {},
                    "provisioned_iops": 0,
                    "provisioned_throughput": 0,
                    "resource_manager_tags": null,
                    "resource_policies": [],
                    "size": 50,
                    "storage_pool": "",
                    "type": "pd-standard"
                  }
                ],
                "interface": "",
                "kms_key_self_link": "",
                "mode": "READ_WRITE",
                "source": "https://www.googleapis.com/compute/v1/projects/ai-connect-sap26blr-307/zones/us-central1-c/disks/terraform-hackathon-vm"
              }
            ],
            "can_ip_forward": false,
            "confidential_instance_config": [],
            "cpu_platform": "Intel Broadwell",
            "current_status": "RUNNING",
            "deletion_protection": false,
            "description": "",
            "desired_status": null,
            "effective_labels": {
              "goog-terraform-provisioned": "true"
            },
            "enable_display": false,
            "guest_accelerator": [],
            "hostname": "",
            "id": "projects/ai-connect-sap26blr-307/zones/us-central1-c/instances/terraform-hackathon-vm",
            "instance_id": "6504909375103047435",
            "label_fingerprint": "vezUS-42LLM=",
            "labels": null,
            "machine_type": "e2-standard-4",
            "metadata": {
              "startup-script": "#!/bin/bash\nset -euxo pipefail\n\nLOG=/var/log/startup-script.log\nexec \u003e \u003e(tee -a \"$LOG\") 2\u003e\u00261\n\necho \"===== GCE startup script started =====\"\ndate\n\necho \"===== Installing base packages =====\"\napt-get update\napt-get install -y curl git ca-certificates\n\necho \"===== Installing Docker =====\"\ncurl -fsSL https://get.docker.com | sh\nsystemctl enable docker\nsystemctl start docker\n\necho \"===== Waiting for Docker daemon =====\"\nuntil docker info \u003e/dev/null 2\u003e\u00261; do\n  sleep 2\ndone\n\necho \"===== Installing Docker Compose =====\"\ncurl -L https://github.com/docker/compose/releases/download/v2.29.2/docker-compose-linux-x86_64 \\\n  -o /usr/local/bin/docker-compose\nchmod +x /usr/local/bin/docker-compose\n\ndocker --version\ndocker-compose version\n\necho \"===== Cloning application repository =====\"\nmkdir -p /opt\ncd /opt\nrm -rf security-manager-AI-Connect\ngit clone https://github.com/LastAirbender07/security-manager-AI-Connect.git\n\necho \"===== Starting application stack =====\"\ncd /opt/security-manager-AI-Connect/security-manager-main\nchmod +x start_all.sh\n./start_all.sh\n\necho \"===== Startup script completed successfully =====\"\ndate\n"
            },
            "metadata_fingerprint": "9cIeF98-hvY=",
            "metadata_startup_script": null,
            "min_cpu_platform": "",
            "name": "terraform-hackathon-vm",
            "network_interface": [
              {
                "access_config": [
                  {
                    "nat_ip": "34.60.172.153",
                    "network_tier": "PREMIUM",
                    "public_ptr_domain_name": ""
                  }
                ],
                "alias_ip_range": [],
                "internal_ipv6_prefix_length": 0,
                "ipv6_access_config": [],
                "ipv6_access_type": "",
                "ipv6_address": "",
                "name": "nic0",
                "network": "https://www.googleapis.com/compute/v1/projects/ai-connect-sap26blr-307/global/networks/terraform-hackathon-network",
                "network_ip": "10.128.0.3",
                "nic_type": "",
                "queue_count": 0,
                "stack_type": "IPV4_ONLY",
                "subnetwork": "https://www.googleapis.com/compute/v1/projects/ai-connect-sap26blr-307/regions/us-central1/subnetworks/terraform-hackathon-network",
                "subnetwork_project": "ai-connect-sap26blr-307"
              }
            ],
            "network_performance_config": [],
            "params": [],
            "project": "ai-connect-sap26blr-307",
            "reservation_affinity": [],
            "resource_policies": null,
            "scheduling": [
              {
                "automatic_restart": true,
                "instance_termination_action": "",
                "local_ssd_recovery_timeout": [],
                "max_run_duration": [],
                "min_node_cpus": 0,
                "node_affinities": [],
                "on_host_maintenance": "MIGRATE",
                "on_instance_stop_action": [],
                "preemptible": false,
                "provisioning_model": "STANDARD"
              }
            ],
            "scratch_disk": [],
            "self_link": "https://www.googleapis.com/compute/v1/projects/ai-connect-sap26blr-307/zones/us-central1-c/instances/terraform-hackathon-vm",
            "service_account": [],
            "shielded_instance_config": [
              {
                "enable_integrity_monitoring": true,
                "enable_secure_boot": false,
                "enable_vtpm": true
              }
            ],
            "tags": [
              "hackathon-vm"
            ],
            "tags_fingerprint": "n_GtC7ArdNU=",
            "terraform_labels": {
              "goog-terraform-provisioned": "true"
            },
            "timeouts": null,
            "zone": "us-central1-c"
          },
          "sensitive_attributes": [
            [
              {
                "type": "get_attr",
                "value": "boot_disk"
              },
              {
                "type": "index",
                "value": {
                  "value": 0,
                  "type": "number"
                }
              },
              {
                "type": "get_attr",
                "value": "disk_encryption_key_raw"
              }
            ]
          ],
          "identity_schema_version": 0,
          "private": "eyJlMmJmYjczMC1lY2FhLTExZTYtOGY4OC0zNDM2M2JjN2M0YzAiOnsiY3JlYXRlIjoxMjAwMDAwMDAwMDAwLCJkZWxldGUiOjEyMDAwMDAwMDAwMDAsInVwZGF0ZSI6MTIwMDAwMDAwMDAwMH0sInNjaGVtYV92ZXJzaW9uIjoiNiJ9",
          "dependencies": [
            "google_compute_network.vpc_network"
          ]
        }
      ]
    },
    {
      "mode": "managed",
      "type": "google_compute_network",
      "name": "vpc_network",
      "provider": "provider[\"registry.terraform.io/hashicorp/google\"]",
      "instances": [
        {
          "schema_version": 0,
          "attributes": {
            "auto_create_subnetworks": true,
            "delete_default_routes_on_create": false,
            "description": "",
            "enable_ula_internal_ipv6": false,
            "gateway_ipv4": "",
            "id": "projects/ai-connect-sap26blr-307/global/networks/terraform-hackathon-network",
            "internal_ipv6_range": "",
            "mtu": 0,
            "name": "terraform-hackathon-network",
            "network_firewall_policy_enforcement_order": "AFTER_CLASSIC_FIREWALL",
            "numeric_id": "3488098039717959363",
            "project": "ai-connect-sap26blr-307",
            "routing_mode": "REGIONAL",
            "self_link": "https://www.googleapis.com/compute/v1/projects/ai-connect-sap26blr-307/global/networks/terraform-hackathon-network",
            "timeouts": null
          },
          "sensitive_attributes": [],
          "identity_schema_version": 0,
          "private": "eyJlMmJmYjczMC1lY2FhLTExZTYtOGY4OC0zNDM2M2JjN2M0YzAiOnsiY3JlYXRlIjoxMjAwMDAwMDAwMDAwLCJkZWxldGUiOjEyMDAwMDAwMDAwMDAsInVwZGF0ZSI6MTIwMDAwMDAwMDAwMH19"
        }
      ]
    }
  ],
  "check_results": null
}
